{
  "nodes": {
    "llama-cpp-src": {
      "flake": false,
      "locked": {
        "lastModified": 1787509244,
        "narHash": "sha256-DHf4jeqLDOvwGQeENKEPb9SOk4UW1DuPqLV/LWe6s/M=",
        "owner": "ggml-org",
        "repo": "llama.cpp",
        "rev": "c060ca974c773c7c3d17fd1b66dc9d312bc292c0",
        "type": "github"
      },
      "original": {
        "owner": "ggml-org",
        "repo": "llama.cpp",
        "type": "github"
      }
    },
    "nixpkgs": {
      "locked": {
        "lastModified": 1782847189,
        "narHash": "sha256-twXPFqFsrrY5r28Zh7Homgcp2gUMBgQ6WDS98Q/3xFI=",
        "owner": "NixOS",
        "repo": "nixpkgs",
        "rev": "b6018f87da91d19d0ab4cf979885689b469cdd41",
        "type": "github"
      },
      "original": {
        "owner": "NixOS",
        "ref": "nixos-25.11",
        "repo": "nixpkgs",
        "type": "github"
      }
    },
    "root": {
      "inputs": {
        "llama-cpp-src": "llama-cpp-src",
        "nixpkgs": "nixpkgs"
      }
    }
  },
  "root": "root",
  "version": 7
}
